// !$*UTF8*$!
{
	archiveVersion = 1;
	classes = {
	};
	objectVersion = 50;
	objects = {

/* Begin PBXBuildFile section */
		990D4EE321C05D8800A1965B /* AppDelegate.swift in Sources */ = {isa = PBXBuildFile; fileRef = 990D4EE221C05D8800A1965B /* AppDelegate.swift */; };
		990D4EE521C05D8800A1965B /* VirgoChecklistController.swift in Sources */ = {isa = PBXBuildFile; fileRef = 990D4EE421C05D8800A1965B /* VirgoChecklistController.swift */; };
		990D4EE821C05D8800A1965B /* Main.storyboard in Resources */ = {isa = PBXBuildFile; fileRef = 990D4EE621C05D8800A1965B /* Main.storyboard */; };
		990D4EEA21C05D8A00A1965B /* Assets.xcassets in Resources */ = {isa = PBXBuildFile; fileRef = 990D4EE921C05D8A00A1965B /* Assets.xcassets */; };
		990D4EED21C05D8A00A1965B /* LaunchScreen.storyboard in Resources */ = {isa = PBXBuildFile; fileRef = 990D4EEB21C05D8A00A1965B /* LaunchScreen.storyboard */; };
/* End PBXBuildFile section */

/* Begin PBXFileReference section */
		990D4EDF21C05D8800A1965B /* Virgo-Checklist.app */ = {isa = PBXFileReference; explicitFileType = wrapper.application; includeInIndex = 0; path = "Virgo-Checklist.app"; sourceTree = BUILT_PRODUCTS_DIR; };
		990D4EE221C05D8800A1965B /* AppDelegate.swift */ = {isa = PBXFileReference; lastKnownFileType = sourcecode.swift; path = AppDelegate.swift; sourceTree = "<group>"; };
		990D4EE421C05D8800A1965B /* VirgoChecklistController.swift */ = {isa = PBXFileReference; lastKnownFileType = sourcecode.swift; path = VirgoChecklistController.swift; sourceTree = "<group>"; };
		990D4EE721C05D8800A1965B /* Base */ = {isa = PBXFileReference; lastKnownFileType = file.storyboard; name = Base; path = Base.lproj/Main.storyboard; sourceTree = "<group>"; };
		990D4EE921C05D8A00A1965B /* Assets.xcassets */ = {isa = PBXFileReference; lastKnownFileType = folder.assetcatalog; path = Assets.xcassets; sourceTree = "<group>"; };
		990D4EEC21C05D8A00A1965B /* Base */ = {isa = PBXFileReference; lastKnownFileType = file.storyboard; name = Base; path = Base.lproj/LaunchScreen.storyboard; sourceTree = "<group>"; };
		990D4EEE21C05D8A00A1965B /* Info.plist */ = {isa = PBXFileReference; lastKnownFileType = text.plist.xml; path = Info.plist; sourceTree = "<group>"; };
/* End PBXFileReference section */

/* Begin PBXFrameworksBuildPhase section */
		990D4EDC21C05D8800A1965B /* Frameworks */ = {
			isa = PBXFrameworksBuildPhase;
			buildActionMask = 2147483647;
			files = (
			);
			runOnlyForDeploymentPostprocessing = 0;
		};
/* End PBXFrameworksBuildPhase section */

/* Begin PBXGroup section */
		990D4ED621C05D8800A1965B = {
			isa = PBXGroup;
			children = (
				990D4EE121C05D8800A1965B /* Virgo-Checklist */,
				990D4EE021C05D8800A1965B /* Products */,
			);
			sourceTree = "<group>";
		};
		990D4EE021C05D8800A1965B /* Products */ = {
			isa = PBXGroup;
			children = (
				990D4EDF21C05D8800A1965B /* Virgo-Checklist.app */,
			);
			name = Products;
			sourceTree = "<group>";
		};
		990D4EE121C05D8800A1965B /* Virgo-Checklist */ = {
			isa = PBXGroup;
			children = (
				990D4EE221C05D8800A1965B /* AppDelegate.swift */,
				990D4EE421C05D8800A1965B /* VirgoChecklistController.swift */,
				990D4EE621C05D8800A1965B /* Main.storyboard */,
				990D4EE921C05D8A00A1965B /* Assets.xcassets */,
				990D4EEB21C05D8A00A1965B /* LaunchScreen.storyboard */,
				990D4EEE21C05D8A00A1965B /* Info.plist */,
			);
			path = "Virgo-Checklist";
			sourceTree = "<group>";
		};
/* End PBXGroup section */

/* Begin PBXNativeTarget section */
		990D4EDE21C05D8800A1965B /* Virgo-Checklist */ = {
			isa = PBXNativeTarget;
			buildConfigurationList = 990D4EF121C05D8A00A1965B /* Build configuration list for PBXNativeTarget "Virgo-Checklist" */;
			buildPhases = (
				990D4EDB21C05D8800A1965B /* Sources */,
				990D4EDC21C05D8800A1965B /* Frameworks */,
				990D4EDD21C05D8800A1965B /* Resources */,
			);
			buildRules = (
			);
			dependencies = (
			);
			name = "Virgo-Checklist";
			productName = "Virgo-Checklist";
			productReference = 990D4EDF21C05D8800A1965B /* Virgo-Checklist.app */;
			productType = "com.apple.product-type.application";
		};
/* End PBXNativeTarget section */

/* Begin PBXProject section */
		990D4ED721C05D8800A1965B /* Project object */ = {
			isa = PBXProject;
			attributes = {
				LastSwiftUpdateCheck = 1010;
				LastUpgradeCheck = 1010;
				ORGANIZATIONNAME = "Darlene Austria";
				TargetAttributes = {
					990D4EDE21C05D8800A1965B = {
						CreatedOnToolsVersion = 10.1;
					};
				};
			};
			buildConfigurationList = 990D4EDA21C05D8800A1965B /* Build configuration list for PBXProject "Virgo-Checklist" */;
			compatibilityVersion = "Xcode 9.3";
			developmentRegion = en;
			hasScannedForEncodings = 0;
			knownRegions = (
				en,
				Base,
			);
			mainGroup = 990D4ED621C05D8800A1965B;
			productRefGroup = 990D4EE021C05D8800A1965B /* Products */;
			projectDirPath = "";
			projectRoot = "";
			targets = (
				990D4EDE21C05D8800A1965B /* Virgo-Checklist */,
			);
		};
/* End PBXProject section */

/* Begin PBXResourcesBuildPhase section */
		990D4EDD21C05D8800A1965B /* Resources */ = {
			isa = PBXResourcesBuildPhase;
			buildActionMask = 2147483647;
			files = (
				990D4EED21C05D8A00A1965B /* LaunchScreen.storyboard in Resources */,
				990D4EEA21C05D8A00A1965B /* Assets.xcassets in Resources */,
				990D4EE821C05D8800A1965B /* Main.storyboard in Resources */,
			);
			runOnlyForDeploymentPostprocessing = 0;
		};
/* End PBXResourcesBuildPhase section */

/* Begin PBXSourcesBuildPhase section */
		990D4EDB21C05D8800A1965B /* Sources */ = {
			isa = PBXSourcesBuildPhase;
			buildActionMask = 2147483647;
			files = (
				990D4EE521C05D8800A1965B /* VirgoChecklistController.swift in Sources */,
				990D4EE321C05D8800A1965B /* AppDelegate.swift in Sources */,
			);
			runOnlyForDeploymentPostprocessing = 0;
		};
/* End PBXSourcesBuildPhase section */

/* Begin PBXVariantGroup section */
		990D4EE621C05D8800A1965B /* Main.storyboard */ = {
			isa = PBXVariantGroup;
			children = (
				990D4EE721C05D8800A1965B /* Base */,
			);
			name = Main.storyboard;
			sourceTree = "<group>";
		};
		990D4EEB21C05D8A00A1965B /* LaunchScreen.storyboard */ = {
			isa = PBXVariantGroup;
			children = (
				990D4EEC21C05D8A00A1965B /* Base */,
			);
			name = LaunchScreen.storyboard;
			sourceTree = "<group>";
		};
/* End PBXVariantGroup section */

/* Begin XCBuildConfiguration section */
		990D4EEF21C05D8A00A1965B /* Debug */ = {
			isa = XCBuildConfiguration;
			buildSettings = {
				ALWAYS_SEARCH_USER_PATHS = NO;
				CLANG_ANALYZER_NONNULL = YES;
				CLANG_ANALYZER_NUMBER_OBJECT_CONVERSION = YES_AGGRESSIVE;
				CLANG_CXX_LANGUAGE_STANDARD = "gnu++14";
				CLANG_CXX_LIBRARY = "libc++";
				CLANG_ENABLE_MODULES = YES;
				CLANG_ENABLE_OBJC_ARC = YES;
				CLANG_ENABLE_OBJC_WEAK = YES;
				CLANG_WARN_BLOCK_CAPTURE_AUTORELEASING = YES;
				CLANG_WARN_BOOL_CONVERSION = YES;
				CLANG_WARN_COMMA = YES;
				CLANG_WARN_CONSTANT_CONVERSION = YES;
				CLANG_WARN_DEPRECATED_OBJC_IMPLEMENTATIONS = YES;
				CLANG_WARN_DIRECT_OBJC_ISA_USAGE = YES_ERROR;
				CLANG_WARN_DOCUMENTATION_COMMENTS = YES;
				CLANG_WARN_EMPTY_BODY = YES;
				CLANG_WARN_ENUM_CONVERSION = YES;
				CLANG_WARN_INFINITE_RECURSION = YES;
				CLANG_WARN_INT_CONVERSION = YES;
				CLANG_WARN_NON_LITERAL_NULL_CONVERSION = YES;
				CLANG_WARN_OBJC_IMPLICIT_RETAIN_SELF = YES;
				CLANG_WARN_OBJC_LITERAL_CONVERSION = YES;
				CLANG_WARN_OBJC_ROOT_CLASS = YES_ERROR;
				CLANG_WARN_RANGE_LOOP_ANALYSIS = YES;
				CLANG_WARN_STRICT_PROTOTYPES = YES;
				CLANG_WARN_SUSPICIOUS_MOVE = YES;
				CLANG_WARN_UNGUARDED_AVAILABILITY = YES_AGGRESSIVE;
				CLANG_WARN_UNREACHABLE_CODE = YES;
				CLANG_WARN__DUPLICATE_METHOD_MATCH = YES;
				CODE_SIGN_IDENTITY = "iPhone Developer";
				COPY_PHASE_STRIP = NO;
				DEBUG_INFORMATION_FORMAT = dwarf;
				ENABLE_STRICT_OBJC_MSGSEND = YES;
				ENABLE_TESTABILITY = YES;
				GCC_C_LANGUAGE_STANDARD = gnu11;
				GCC_DYNAMIC_NO_PIC = NO;
				GCC_NO_COMMON_BLOCKS = YES;
				GCC_OPTIMIZATION_LEVEL = 0;
				GCC_PREPROCESSOR_DEFINITIONS = (
					"DEBUG=1",
					"$(inherited)",
				);
				GCC_WARN_64_TO_32_BIT_CONVERSION = YES;
				GCC_WARN_ABOUT_RETURN_TYPE = YES_ERROR;
				GCC_WARN_UNDECLARED_SELECTOR = YES;
				GCC_WARN_UNINITIALIZED_AUTOS = YES_AGGRESSIVE;
				GCC_WARN_UNUSED_FUNCTION = YES;
				GCC_WARN_UNUSED_VARIABLE = YES;
				IPHONEOS_DEPLOYMENT_TARGET = 12.1;
				MTL_ENABLE_DEBUG_INFO = INCLUDE_SOURCE;
				MTL_FAST_MATH = YES;
				ONLY_ACTIVE_ARCH = YES;
				SDKROOT = iphoneos;
				SWIFT_ACTIVE_COMPILATION_CONDITIONS = DEBUG;
				SWIFT_OPTIMIZATION_LEVEL = "-Onone";
			};
			name = Debug;
		};
		990D4EF021C05D8A00A1965B /* Release */ = {
			isa = XCBuildConfiguration;
			buildSettings = {
				ALWAYS_SEARCH_USER_PATHS = NO;
				CLANG_ANALYZER_NONNULL = YES;
				CLANG_ANALYZER_NUMBER_OBJECT_CONVERSION = YES_AGGRESSIVE;
				CLANG_CXX_LANGUAGE_STANDARD = "gnu++14";
				CLANG_CXX_LIBRARY = "libc++";
				CLANG_ENABLE_MODULES = YES;
				CLANG_ENABLE_OBJC_ARC = YES;
				CLANG_ENABLE_OBJC_WEAK = YES;
				CLANG_WARN_BLOCK_CAPTURE_AUTORELEASING = YES;
				CLANG_WARN_BOOL_CONVERSION = YES;
				CLANG_WARN_COMMA = YES;
				CLANG_WARN_CONSTANT_CONVERSION = YES;
				CLANG_WARN_DEPRECATED_OBJC_IMPLEMENTATIONS = YES;
				CLANG_WARN_DIRECT_OBJC_ISA_USAGE = YES_ERROR;
				CLANG_WARN_DOCUMENTATION_COMMENTS = YES;
				CLANG_WARN_EMPTY_BODY = YES;
				CLANG_WARN_ENUM_CONVERSION = YES;
				CLANG_WARN_INFINITE_RECURSION = YES;
				CLANG_WARN_INT_CONVERSION = YES;
				CLANG_WARN_NON_LITERAL_NULL_CONVERSION = YES;
				CLANG_WARN_OBJC_IMPLICIT_RETAIN_SELF = YES;
				CLANG_WARN_OBJC_LITERAL_CONVERSION = YES;
				CLANG_WARN_OBJC_ROOT_CLASS = YES_ERROR;
				CLANG_WARN_RANGE_LOOP_ANALYSIS = YES;
				CLANG_WARN_STRICT_PROTOTYPES = YES;
				CLANG_WARN_SUSPICIOUS_MOVE = YES;
				CLANG_WARN_UNGUARDED_AVAILABILITY = YES_AGGRESSIVE;
				CLANG_WARN_UNREACHABLE_CODE = YES;
				CLANG_WARN__DUPLICATE_METHOD_MATCH = YES;
				CODE_SIGN_IDENTITY = "iPhone Developer";
				COPY_PHASE_STRIP = NO;
				DEBUG_INFORMATION_FORMAT = "dwarf-with-dsym";
				ENABLE_NS_ASSERTIONS = NO;
				ENABLE_STRICT_OBJC_MSGSEND = YES;
				GCC_C_LANGUAGE_STANDARD = gnu11;
				GCC_NO_COMMON_BLOCKS = YES;
				GCC_WARN_64_TO_32_BIT_CONVERSION = YES;
				GCC_WARN_ABOUT_RETURN_TYPE = YES_ERROR;
				GCC_WARN_UNDECLARED_SELECTOR = YES;
				GCC_WARN_UNINITIALIZED_AUTOS = YES_AGGRESSIVE;
				GCC_WARN_UNUSED_FUNCTION = YES;
				GCC_WARN_UNUSED_VARIABLE = YES;
				IPHONEOS_DEPLOYMENT_TARGET = 12.1;
				MTL_ENABLE_DEBUG_INFO = NO;
				MTL_FAST_MATH = YES;
				SDKROOT = iphoneos;
				SWIFT_COMPILATION_MODE = wholemodule;
				SWIFT_OPTIMIZATION_LEVEL = "-O";
				VALIDATE_PRODUCT = YES;
			};
			name = Release;
		};
		990D4EF221C05D8A00A1965B /* Debug */ = {
			isa = XCBuildConfiguration;
			buildSettings = {
				ASSETCATALOG_COMPILER_APPICON_NAME = AppIcon;
				CODE_SIGN_STYLE = Automatic;
				DEVELOPMENT_TEAM = AMGVN4858L;
				INFOPLIST_FILE = "Virgo-Checklist/Info.plist";
				LD_RUNPATH_SEARCH_PATHS = (
					"$(inherited)",
					"@executable_path/Frameworks",
				);
				PRODUCT_BUNDLE_IDENTIFIER = "com.bleuketchup.Virgo-Checklist";
				PRODUCT_NAME = "$(TARGET_NAME)";
				SWIFT_VERSION = 4.2;
				TARGETED_DEVICE_FAMILY = "1,2";
			};
			name = Debug;
		};
		990D4EF321C05D8A00A1965B /* Release */ = {
			isa = XCBuildConfiguration;
			buildSettings = {
				ASSETCATALOG_COMPILER_APPICON_NAME = AppIcon;
				CODE_SIGN_STYLE = Automatic;
				DEVELOPMENT_TEAM = AMGVN4858L;
				INFOPLIST_FILE = "Virgo-Checklist/Info.plist";
				LD_RUNPATH_SEARCH_PATHS = (
					"$(inherited)",
					"@executable_path/Frameworks",
				);
				PRODUCT_BUNDLE_IDENTIFIER = "com.bleuketchup.Virgo-Checklist";
				PRODUCT_NAME = "$(TARGET_NAME)";
				SWIFT_VERSION = 4.2;
				TARGETED_DEVICE_FAMILY = "1,2";
			};
			name = Release;
		};
/* End XCBuildConfiguration section */

/* Begin XCConfigurationList section */
		990D4EDA21C05D8800A1965B /* Build configuration list for PBXProject "Virgo-Checklist" */ = {
			isa = XCConfigurationList;
			buildConfigurations = (
				990D4EEF21C05D8A00A1965B /* Debug */,
				990D4EF021C05D8A00A1965B /* Release */,
			);
			defaultConfigurationIsVisible = 0;
			defaultConfigurationName = Release;
		};
		990D4EF121C05D8A00A1965B /* Build configuration list for PBXNativeTarget "Virgo-Checklist" */ = {
			isa = XCConfigurationList;
			buildConfigurations = (
				990D4EF221C05D8A00A1965B /* Debug */,
				990D4EF321C05D8A00A1965B /* Release */,
			);
			defaultConfigurationIsVisible = 0;
			defaultConfigurationName = Release;
		};
/* End XCConfigurationList section */
	};
	rootObject = 990D4ED721C05D8800A1965B /* Project object */;
}
